
Microsoft Visual Studio Solution File, Format Version 12.00
# Visual Studio 14
VisualStudioVersion = 14.0.23107.0
MinimumVisualStudioVersion = 10.0.40219.1
Project("{FAE04EC0-301F-11D3-BF4B-00C04F79EFBC}") = "LojaDesafio.Web.WCF", "LojaDesafio.Web.WCF\LojaDesafio.Web.WCF.csproj", "{1A26869E-B1C5-457D-8F29-D4FA76DFA354}"
EndProject
Project("{FAE04EC0-301F-11D3-BF4B-00C04F79EFBC}") = "LojaDesafio.Model", "LojaDesafio.Model\LojaDesafio.Model.csproj", "{53D2A135-989E-4FCC-B085-B41043327F1D}"
EndProject
Project("{FAE04EC0-301F-11D3-BF4B-00C04F79EFBC}") = "LojaDesafio.Business", "LojaDesafio.Business\LojaDesafio.Business.csproj", "{BD0BE1E9-A902-47CD-B08F-6C9D521248F1}"
EndProject
Global
	GlobalSection(SolutionConfigurationPlatforms) = preSolution
		Debug|Any CPU = Debug|Any CPU
		Release|Any CPU = Release|Any CPU
	EndGlobalSection
	GlobalSection(ProjectConfigurationPlatforms) = postSolution
		{1A26869E-B1C5-457D-8F29-D4FA76DFA354}.Debug|Any CPU.ActiveCfg = Debug|Any CPU
		{1A26869E-B1C5-457D-8F29-D4FA76DFA354}.Debug|Any CPU.Build.0 = Debug|Any CPU
		{1A26869E-B1C5-457D-8F29-D4FA76DFA354}.Release|Any CPU.ActiveCfg = Release|Any CPU
		{1A26869E-B1C5-457D-8F29-D4FA76DFA354}.Release|Any CPU.Build.0 = Release|Any CPU
		{53D2A135-989E-4FCC-B085-B41043327F1D}.Debug|Any CPU.ActiveCfg = Debug|Any CPU
		{53D2A135-989E-4FCC-B085-B41043327F1D}.Debug|Any CPU.Build.0 = Debug|Any CPU
		{53D2A135-989E-4FCC-B085-B41043327F1D}.Release|Any CPU.ActiveCfg = Release|Any CPU
		{53D2A135-989E-4FCC-B085-B41043327F1D}.Release|Any CPU.Build.0 = Release|Any CPU
		{BD0BE1E9-A902-47CD-B08F-6C9D521248F1}.Debug|Any CPU.ActiveCfg = Debug|Any CPU
		{BD0BE1E9-A902-47CD-B08F-6C9D521248F1}.Debug|Any CPU.Build.0 = Debug|Any CPU
		{BD0BE1E9-A902-47CD-B08F-6C9D521248F1}.Release|Any CPU.ActiveCfg = Release|Any CPU
		{BD0BE1E9-A902-47CD-B08F-6C9D521248F1}.Release|Any CPU.Build.0 = Release|Any CPU
	EndGlobalSection
	GlobalSection(SolutionProperties) = preSolution
		HideSolutionNode = FALSE
	EndGlobalSection
EndGlobal
